<?xml version="1.0" encoding="utf-8"?>
<Project ToolsVersion="4.0" xmlns="http://schemas.microsoft.com/developer/msbuild/2003">
  <ItemGroup>
    <Filter Include="Source Files">
      <UniqueIdentifier>{4FC737F1-C7A5-4376-A066-2A32D752A2FF}</UniqueIdentifier>
      <Extensions>cpp;c;cc;cxx;def;odl;idl;hpj;bat;asm;asmx</Extensions>
    </Filter>
    <Filter Include="Header Files">
      <UniqueIdentifier>{93995380-89BD-4b04-88EB-625FBE52EBFB}</UniqueIdentifier>
      <Extensions>h;hh;hpp;hxx;hm;inl;inc;xsd</Extensions>
    </Filter>
    <Filter Include="Resource Files">
      <UniqueIdentifier>{67DA6AB6-F800-4c08-8B7A-83BB121AAD01}</UniqueIdentifier>
      <Extensions>rc;ico;cur;bmp;dlg;rc2;rct;bin;rgs;gif;jpg;jpeg;jpe;resx;tiff;tif;png;wav;mfcribbon-ms</Extensions>
    </Filter>
  </ItemGroup>
  <ItemGroup>
    <Text Include="ReadMe.txt" />
  </ItemGroup>
  <ItemGroup>
    <ClInclude Include="InterfaceTest.h">
      <Filter>Header Files</Filter>
    </ClInclude>
    <ClInclude Include="InterfaceTestDlg.h">
      <Filter>Header Files</Filter>
    </ClInclude>
    <ClInclude Include="stdafx.h">
      <Filter>Header Files</Filter>
    </ClInclude>
    <ClInclude Include="targetver.h">
      <Filter>Header Files</Filter>
    </ClInclude>
    <ClInclude Include="Resource.h">
      <Filter>Header Files</Filter>
    </ClInclude>
    <ClInclude Include="ReversiField.h">
      <Filter>Header Files</Filter>
    </ClInclude>
    <ClInclude Include="ReversiBoard.h">
      <Filter>Header Files</Filter>
    </ClInclude>
    <ClInclude Include="ReversiBoardMonteCarloEvaluator.h">
      <Filter>Header Files</Filter>
    </ClInclude>
    <ClInclude Include="ReversiComputerPlayer.h">
      <Filter>Header Files</Filter>
    </ClInclude>
    <ClInclude Include="ReversiRandomPlayer.h">
      <Filter>Header Files</Filter>
    </ClInclude>
    <ClInclude Include="ReversiHumanPlayer.h">
      <Filter>Header Files</Filter>
    </ClInclude>
    <ClInclude Include="ReversiManager.h">
      <Filter>Header Files</Filter>
    </ClInclude>
    <ClInclude Include="ReversiPlayer.h">
      <Filter>Header Files</Filter>
    </ClInclude>
    <ClInclude Include="CellType.h">
      <Filter>Header Files</Filter>
    </ClInclude>
    <ClInclude Include="СStartupDlg.h">
      <Filter>Header Files</Filter>
    </ClInclude>
  </ItemGroup>
  <ItemGroup>
    <ClCompile Include="InterfaceTest.cpp">
      <Filter>Source Files</Filter>
    </ClCompile>
    <ClCompile Include="InterfaceTestDlg.cpp">
      <Filter>Source Files</Filter>
    </ClCompile>
    <ClCompile Include="stdafx.cpp">
      <Filter>Source Files</Filter>
    </ClCompile>
    <ClCompile Include="ReversiField.cpp">
      <Filter>Source Files</Filter>
    </ClCompile>
    <ClCompile Include="ReversiComputerPlayer.cpp">
      <Filter>Header Files</Filter>
    </ClCompile>
    <ClCompile Include="ReversiBoard.cpp">
      <Filter>Header Files</Filter>
    </ClCompile>
    <ClCompile Include="ReversiBoardMonteCarloEvaluator.cpp">
      <Filter>Header Files</Filter>
    </ClCompile>
    <ClCompile Include="ReversiRandomPlayer.cpp">
      <Filter>Header Files</Filter>
    </ClCompile>
    <ClCompile Include="ReversiManager.cpp">
      <Filter>Header Files</Filter>
    </ClCompile>
    <ClCompile Include="ReversiHumanPlayer.cpp">
      <Filter>Header Files</Filter>
    </ClCompile>
    <ClCompile Include="ReversiPlayer.cpp">
      <Filter>Header Files</Filter>
    </ClCompile>
    <ClCompile Include="СStartupDlg.cpp">
      <Filter>Source Files</Filter>
    </ClCompile>
  </ItemGroup>
  <ItemGroup>
    <ResourceCompile Include="InterfaceTest.rc">
      <Filter>Resource Files</Filter>
    </ResourceCompile>
  </ItemGroup>
  <ItemGroup>
    <None Include="res\InterfaceTest.rc2">
      <Filter>Resource Files</Filter>
    </None>
  </ItemGroup>
  <ItemGroup>
    <Image Include="res\InterfaceTest.ico">
      <Filter>Resource Files</Filter>
    </Image>
  </ItemGroup>
</Project>